
Microsoft Visual Studio Solution File, Format Version 12.00
# Visual Studio Version 17
VisualStudioVersion = 17.12.35521.163
MinimumVisualStudioVersion = 10.0.40219.1
Project("{FAE04EC0-301F-11D3-BF4B-00C04F79EFBC}") = "HotelBook", "HotelBook\HotelBook.csproj", "{13061C24-F27B-4F1F-998C-A5CF3BFD11A6}"
EndProject
Project("{FAE04EC0-301F-11D3-BF4B-00C04F79EFBC}") = "DataAccess", "DataAccess\DataAccess.csproj", "{E5941815-5F1F-4998-8CEF-11BCBF6697F5}"
EndProject
Project("{FAE04EC0-301F-11D3-BF4B-00C04F79EFBC}") = "Service", "Service\Service.csproj", "{BE9E7FCE-60F8-482C-9AD9-2624973483CA}"
EndProject
Project("{FAE04EC0-301F-11D3-BF4B-00C04F79EFBC}") = "Dtos", "Dtos\Dtos.csproj", "{8D69844C-7EEF-4087-BEA0-AF803FCB208F}"
EndProject
Project("{FAE04EC0-301F-11D3-BF4B-00C04F79EFBC}") = "AdminPanel", "AdminPanel\AdminPanel.csproj", "{BF50645F-9635-4ED3-B36C-AB66AF151910}"
EndProject
Global
	GlobalSection(SolutionConfigurationPlatforms) = preSolution
		Debug|Any CPU = Debug|Any CPU
		Release|Any CPU = Release|Any CPU
	EndGlobalSection
	GlobalSection(ProjectConfigurationPlatforms) = postSolution
		{13061C24-F27B-4F1F-998C-A5CF3BFD11A6}.Debug|Any CPU.ActiveCfg = Debug|Any CPU
		{13061C24-F27B-4F1F-998C-A5CF3BFD11A6}.Debug|Any CPU.Build.0 = Debug|Any CPU
		{13061C24-F27B-4F1F-998C-A5CF3BFD11A6}.Release|Any CPU.ActiveCfg = Release|Any CPU
		{13061C24-F27B-4F1F-998C-A5CF3BFD11A6}.Release|Any CPU.Build.0 = Release|Any CPU
		{E5941815-5F1F-4998-8CEF-11BCBF6697F5}.Debug|Any CPU.ActiveCfg = Debug|Any CPU
		{E5941815-5F1F-4998-8CEF-11BCBF6697F5}.Debug|Any CPU.Build.0 = Debug|Any CPU
		{E5941815-5F1F-4998-8CEF-11BCBF6697F5}.Release|Any CPU.ActiveCfg = Release|Any CPU
		{E5941815-5F1F-4998-8CEF-11BCBF6697F5}.Release|Any CPU.Build.0 = Release|Any CPU
		{BE9E7FCE-60F8-482C-9AD9-2624973483CA}.Debug|Any CPU.ActiveCfg = Debug|Any CPU
		{BE9E7FCE-60F8-482C-9AD9-2624973483CA}.Debug|Any CPU.Build.0 = Debug|Any CPU
		{BE9E7FCE-60F8-482C-9AD9-2624973483CA}.Release|Any CPU.ActiveCfg = Release|Any CPU
		{BE9E7FCE-60F8-482C-9AD9-2624973483CA}.Release|Any CPU.Build.0 = Release|Any CPU
		{8D69844C-7EEF-4087-BEA0-AF803FCB208F}.Debug|Any CPU.ActiveCfg = Debug|Any CPU
		{8D69844C-7EEF-4087-BEA0-AF803FCB208F}.Debug|Any CPU.Build.0 = Debug|Any CPU
		{8D69844C-7EEF-4087-BEA0-AF803FCB208F}.Release|Any CPU.ActiveCfg = Release|Any CPU
		{8D69844C-7EEF-4087-BEA0-AF803FCB208F}.Release|Any CPU.Build.0 = Release|Any CPU
		{BF50645F-9635-4ED3-B36C-AB66AF151910}.Debug|Any CPU.ActiveCfg = Debug|Any CPU
		{BF50645F-9635-4ED3-B36C-AB66AF151910}.Debug|Any CPU.Build.0 = Debug|Any CPU
		{BF50645F-9635-4ED3-B36C-AB66AF151910}.Release|Any CPU.ActiveCfg = Release|Any CPU
		{BF50645F-9635-4ED3-B36C-AB66AF151910}.Release|Any CPU.Build.0 = Release|Any CPU
	EndGlobalSection
	GlobalSection(SolutionProperties) = preSolution
		HideSolutionNode = FALSE
	EndGlobalSection
EndGlobal
